
Microsoft Visual Studio Solution File, Format Version 12.00
# Visual Studio Version 17
VisualStudioVersion = 17.14.36717.8
MinimumVisualStudioVersion = 10.0.40219.1
Project("{FAE04EC0-301F-11D3-BF4B-00C04F79EFBC}") = "DataModel", "DataModel\DataModel.csproj", "{2F304AD0-3C8C-4182-AFEE-5C738023B808}"
EndProject
Project("{FAE04EC0-301F-11D3-BF4B-00C04F79EFBC}") = "Contract", "Contract\Contract.csproj", "{9DD11DD2-6A8E-49A5-B6A5-F3AF330DAD09}"
EndProject
Project("{FAE04EC0-301F-11D3-BF4B-00C04F79EFBC}") = "DataBaseImplement", "DataBaseImplement\DataBaseImplement.csproj", "{7CD4402F-5CD4-4A9C-B6CE-3B3A17929D40}"
EndProject
Global
	GlobalSection(SolutionConfigurationPlatforms) = preSolution
		Debug|Any CPU = Debug|Any CPU
		Release|Any CPU = Release|Any CPU
	EndGlobalSection
	GlobalSection(ProjectConfigurationPlatforms) = postSolution
		{2F304AD0-3C8C-4182-AFEE-5C738023B808}.Debug|Any CPU.ActiveCfg = Debug|Any CPU
		{2F304AD0-3C8C-4182-AFEE-5C738023B808}.Debug|Any CPU.Build.0 = Debug|Any CPU
		{2F304AD0-3C8C-4182-AFEE-5C738023B808}.Release|Any CPU.ActiveCfg = Release|Any CPU
		{2F304AD0-3C8C-4182-AFEE-5C738023B808}.Release|Any CPU.Build.0 = Release|Any CPU
		{9DD11DD2-6A8E-49A5-B6A5-F3AF330DAD09}.Debug|Any CPU.ActiveCfg = Debug|Any CPU
		{9DD11DD2-6A8E-49A5-B6A5-F3AF330DAD09}.Debug|Any CPU.Build.0 = Debug|Any CPU
		{9DD11DD2-6A8E-49A5-B6A5-F3AF330DAD09}.Release|Any CPU.ActiveCfg = Release|Any CPU
		{9DD11DD2-6A8E-49A5-B6A5-F3AF330DAD09}.Release|Any CPU.Build.0 = Release|Any CPU
		{7CD4402F-5CD4-4A9C-B6CE-3B3A17929D40}.Debug|Any CPU.ActiveCfg = Debug|Any CPU
		{7CD4402F-5CD4-4A9C-B6CE-3B3A17929D40}.Debug|Any CPU.Build.0 = Debug|Any CPU
		{7CD4402F-5CD4-4A9C-B6CE-3B3A17929D40}.Release|Any CPU.ActiveCfg = Release|Any CPU
		{7CD4402F-5CD4-4A9C-B6CE-3B3A17929D40}.Release|Any CPU.Build.0 = Release|Any CPU
	EndGlobalSection
	GlobalSection(SolutionProperties) = preSolution
		HideSolutionNode = FALSE
	EndGlobalSection
	GlobalSection(ExtensibilityGlobals) = postSolution
		SolutionGuid = {C53D21BB-F16F-4AE8-94E3-26B0E492BFD2}
	EndGlobalSection
EndGlobal
